
Microsoft Visual Studio Solution File, Format Version 12.00
# Visual Studio Version 16
VisualStudioVersion = 16.0.28803.156
MinimumVisualStudioVersion = 10.0.40219.1
Project("{F184B08F-C81C-45F6-A57F-5ABD9991F28F}") = "Gcode Unifier", "Gcode Unifier\Gcode Unifier.vbproj", "{78F4FA30-8061-4329-AF71-0FA4C242CB25}"
EndProject
Global
	GlobalSection(SolutionConfigurationPlatforms) = preSolution
		Debug|Any CPU = Debug|Any CPU
		Release|Any CPU = Release|Any CPU
	EndGlobalSection
	GlobalSection(ProjectConfigurationPlatforms) = postSolution
		{78F4FA30-8061-4329-AF71-0FA4C242CB25}.Debug|Any CPU.ActiveCfg = Debug|Any CPU
		{78F4FA30-8061-4329-AF71-0FA4C242CB25}.Debug|Any CPU.Build.0 = Debug|Any CPU
		{78F4FA30-8061-4329-AF71-0FA4C242CB25}.Release|Any CPU.ActiveCfg = Release|Any CPU
		{78F4FA30-8061-4329-AF71-0FA4C242CB25}.Release|Any CPU.Build.0 = Release|Any CPU
	EndGlobalSection
	GlobalSection(SolutionProperties) = preSolution
		HideSolutionNode = FALSE
	EndGlobalSection
	GlobalSection(ExtensibilityGlobals) = postSolution
		SolutionGuid = {5669B81F-8826-40E7-9CF3-838935BF70CD}
	EndGlobalSection
EndGlobal
